dependencies:
- name: postgres
  repository: file://../postgres
  version: 0.1.0
- name: neo4j
  repository: https://helm.neo4j.com/neo4j
  version: 2026.5.0
- name: bootstrap
  repository: file://../bootstrap
  version: 0.1.0
- name: vllm
  repository: file://../vllm
  version: 0.1.0
- name: api
  repository: file://../api
  version: 0.1.1
- name: ingestion
  repository: file://../ingestion
  version: 0.1.0
digest: sha256:b42c848cf79fc7ddeca75f302788c65952bc2fe99ca6303b73a83f1e2c06a277
generated: "2026-08-07T14:38:13.398771-04:00"
