dependencies:
- name: neo4j
  repository: https://helm.neo4j.com/neo4j
  version: 2026.5.0
- name: llama-stack
  repository: https://rh-ai-quickstart.github.io/ai-architecture-charts
  version: 0.8.5
- name: llm-service
  repository: https://rh-ai-quickstart.github.io/ai-architecture-charts
  version: 0.5.9
digest: sha256:1a2197928350b2441939f26f71c5326d43e5f0779239f0095943ca2288486db6
generated: "2026-09-04T07:49:56.44297-05:00"
